{
  "name": "project-ex02",
  "version": "1.0.0",
  "lockfileVersion": 2,
  "requires": true,
  "packages": {
    "": {
      "version": "1.0.0",
      "license": "ISC",
      "dependencies": {
        "insung93-math": "file:../insung93-math"
      }
    },
    "../insung93-math": {
      "version": "1.0.0",
      "license": "ISC"
    },
    "node_modules/insung93-math": {
      "resolved": "../insung93-math",
      "link": true
    }
  },
  "dependencies": {
    "insung93-math": {
      "version": "file:../insung93-math"
    }
  }
}
