{
  "name": "project-ex03",
  "version": "1.0.0",
  "lockfileVersion": 2,
  "requires": true,
  "packages": {
    "": {
      "version": "1.0.0",
      "license": "ISC",
      "dependencies": {
        "douzone-busan-math": "^1.0.0",
        "insung93-math": "^1.0.0"
      }
    },
    "node_modules/douzone-busan-math": {
      "version": "1.0.0",
      "resolved": "https://registry.npmjs.org/douzone-busan-math/-/douzone-busan-math-1.0.0.tgz",
      "integrity": "sha512-ZGuWJ6ydxWKeZjkvnoBYTOcL2oCYMsY+jgoAGCui55UYFU1P7C7Z1dXTpeW2vWXAyQ2qhY12MxMSkt3qMZvBmQ=="
    },
    "node_modules/insung93-math": {
      "version": "1.0.0",
      "resolved": "https://registry.npmjs.org/insung93-math/-/insung93-math-1.0.0.tgz",
      "integrity": "sha512-d+B5ojpwRpXa28JniEI+8Zdc1ltKxvWlFiO7+SuWGtY8nPCt7+o6BIbdY/tSjfi++vuTad01hn9N2Rn6wSAJ2Q=="
    }
  },
  "dependencies": {
    "douzone-busan-math": {
      "version": "1.0.0",
      "resolved": "https://registry.npmjs.org/douzone-busan-math/-/douzone-busan-math-1.0.0.tgz",
      "integrity": "sha512-ZGuWJ6ydxWKeZjkvnoBYTOcL2oCYMsY+jgoAGCui55UYFU1P7C7Z1dXTpeW2vWXAyQ2qhY12MxMSkt3qMZvBmQ=="
    },
    "insung93-math": {
      "version": "1.0.0",
      "resolved": "https://registry.npmjs.org/insung93-math/-/insung93-math-1.0.0.tgz",
      "integrity": "sha512-d+B5ojpwRpXa28JniEI+8Zdc1ltKxvWlFiO7+SuWGtY8nPCt7+o6BIbdY/tSjfi++vuTad01hn9N2Rn6wSAJ2Q=="
    }
  }
}
